packages:
  - local: ../shared
    name: shared
  - local: ../platform
    name: platform
  - local: ../supply
    name: supply
  - local: ../finance
    name: finance
  - local: ../store_ops
    name: store_ops
  - name: dbt_utils
    package: dbt-labs/dbt_utils
    version: 1.3.3
sha1_hash: e2afdd17d37dcdde5b5a9d47cfd152b355b5135c
