packages:
  - local: ../jaffle_shared
    name: jaffle_shared
  - local: ../jaffle_platform
    name: jaffle_platform
  - local: ../jaffle_supply
    name: jaffle_supply
  - local: ../jaffle_finance
    name: jaffle_finance
  - local: ../jaffle_store_ops
    name: jaffle_store_ops
  - name: dbt_utils
    package: dbt-labs/dbt_utils
    version: 1.3.3
sha1_hash: 3a817822943731addb7a7f2fcea14b93821860f4
