packages:
  - local: ../shared
    name: jaffle_shared
  - local: ../platform
    name: jaffle_platform
  - local: ../supply
    name: jaffle_supply
  - local: ../finance
    name: jaffle_finance
  - local: ../merchandising
    name: jaffle_merchandising
  - local: ../store_ops
    name: jaffle_store_ops
  - local: ../planning
    name: jaffle_planning
  - name: dbt_utils
    package: dbt-labs/dbt_utils
    version: 1.3.3
sha1_hash: e726de8a9cacf8b5537cb10a0656c835fef8e92e
