packages:
  - local: ../jaffle_shared
    name: jaffle_shared
  - local: ../jaffle_platform
    name: jaffle_platform
  - local: ../jaffle_finance
    name: jaffle_finance
  - name: dbt_utils
    package: dbt-labs/dbt_utils
    version: 1.3.3
  - local: ../jaffle_supply
    name: jaffle_supply
sha1_hash: 7bb9f7c2fcd9c8382795323f1187f5747b033304
