packages:
  - local: ../jaffle_shared
    name: jaffle_shared
  - local: ../jaffle_platform
    name: jaffle_platform
  - local: ../jaffle_finance
    name: jaffle_finance
  - local: ../jaffle_experience
    name: jaffle_experience
  - name: dbt_utils
    package: dbt-labs/dbt_utils
    version: 1.3.3
  - local: ../jaffle_supply
    name: jaffle_supply
sha1_hash: cf9de31a9fced2ea49470c9cf499ac62b9285783
