packages:
  - local: ../shared
    name: shared
  - local: ../platform
    name: platform
  - local: ../finance
    name: finance
  - local: ../experience
    name: experience
  - name: dbt_utils
    package: dbt-labs/dbt_utils
    version: 1.3.3
  - local: ../supply
    name: supply
sha1_hash: 230ace0ff31fd76a0b48106137b7cbd4a4683017
