packages:
  - local: ../jaffle_shared
    name: jaffle_shared
  - local: ../jaffle_platform
    name: jaffle_platform
  - local: ../jaffle_supply
    name: jaffle_supply
  - local: ../jaffle_finance
    name: jaffle_finance
  - local: ../jaffle_experience
    name: jaffle_experience
  - local: ../jaffle_growth
    name: jaffle_growth
  - local: ../jaffle_store_ops
    name: jaffle_store_ops
  - local: ../jaffle_merchandising
    name: jaffle_merchandising
  - local: ../jaffle_planning
    name: jaffle_planning
  - local: ../jaffle_legacy
    name: jaffle_legacy
  - local: ../jaffle_reliability
    name: jaffle_reliability
  - name: dbt_utils
    package: dbt-labs/dbt_utils
    version: 1.3.3
sha1_hash: 7d29a0120eea4c0fd378558b80582bbf4336f3c9
